{
  "name": "chart-annotation-prototype",
  "version": "0.0.0-prototype",
  "lockfileVersion": 3,
  "requires": true,
  "packages": {
    "": {
      "name": "chart-annotation-prototype",
      "version": "0.0.0-prototype",
      "dependencies": {
        "klinecharts": "10.0.0"
      }
    },
    "node_modules/klinecharts": {
      "version": "10.0.0",
      "resolved": "https://registry.npmmirror.com/klinecharts/-/klinecharts-10.0.0.tgz",
      "integrity": "sha512-njopc5Wwff83l9R750Yrj+EcmQUe7JUwN4xgmmwhUPX30jd7ZLabBQT5s2+yTaAk98MMqglCE6vqrSnek/ppbg==",
      "license": "Apache-2.0"
    }
  }
}
